// !$*UTF8*$!
{
	archiveVersion = 1;
	classes = {
	};
	objectVersion = 56;
	objects = {

/* Begin PBXBuildFile section */
		E5FE11C72BBF5191003BD1C6 /* BarcodeScannerApp.swift in Sources */ = {isa = PBXBuildFile; fileRef = E5FE11C62BBF5191003BD1C6 /* BarcodeScannerApp.swift */; };
		E5FE11C92BBF5191003BD1C6 /* BarcodeScannerView.swift in Sources */ = {isa = PBXBuildFile; fileRef = E5FE11C82BBF5191003BD1C6 /* BarcodeScannerView.swift */; };
		E5FE11CB2BBF5193003BD1C6 /* Assets.xcassets in Resources */ = {isa = PBXBuildFile; fileRef = E5FE11CA2BBF5193003BD1C6 /* Assets.xcassets */; };
		E5FE11CE2BBF5193003BD1C6 /* Preview Assets.xcassets in Resources */ = {isa = PBXBuildFile; fileRef = E5FE11CD2BBF5193003BD1C6 /* Preview Assets.xcassets */; };
		E5FE11D82BBF5193003BD1C6 /* BarcodeScannerTests.swift in Sources */ = {isa = PBXBuildFile; fileRef = E5FE11D72BBF5193003BD1C6 /* BarcodeScannerTests.swift */; };
		E5FE11E22BBF5193003BD1C6 /* BarcodeScannerUITests.swift in Sources */ = {isa = PBXBuildFile; fileRef = E5FE11E12BBF5193003BD1C6 /* BarcodeScannerUITests.swift */; };
		E5FE11E42BBF5193003BD1C6 /* BarcodeScannerUITestsLaunchTests.swift in Sources */ = {isa = PBXBuildFile; fileRef = E5FE11E32BBF5193003BD1C6 /* BarcodeScannerUITestsLaunchTests.swift */; };
		E5FE11F12BBF57AA003BD1C6 /* ScannerVC.swift in Sources */ = {isa = PBXBuildFile; fileRef = E5FE11F02BBF57AA003BD1C6 /* ScannerVC.swift */; };
		E5FE11F32BDAEBC9003BD1C6 /* ScannerView.swift in Sources */ = {isa = PBXBuildFile; fileRef = E5FE11F22BDAEBC9003BD1C6 /* ScannerView.swift */; };
		E5FE11F52BDC3A24003BD1C6 /* Alert.swift in Sources */ = {isa = PBXBuildFile; fileRef = E5FE11F42BDC3A24003BD1C6 /* Alert.swift */; };
		E5FE11F72BDC3AC8003BD1C6 /* BarcodeScannerViewModel.swift in Sources */ = {isa = PBXBuildFile; fileRef = E5FE11F62BDC3AC8003BD1C6 /* BarcodeScannerViewModel.swift */; };
/* End PBXBuildFile section */

/* Begin PBXContainerItemProxy section */
		E5FE11D42BBF5193003BD1C6 /* PBXContainerItemProxy */ = {
			isa = PBXContainerItemProxy;
			containerPortal = E5FE11BB2BBF5191003BD1C6 /* Project object */;
			proxyType = 1;
			remoteGlobalIDString = E5FE11C22BBF5191003BD1C6;
			remoteInfo = BarcodeScanner;
		};
		E5FE11DE2BBF5193003BD1C6 /* PBXContainerItemProxy */ = {
			isa = PBXContainerItemProxy;
			containerPortal = E5FE11BB2BBF5191003BD1C6 /* Project object */;
			proxyType = 1;
			remoteGlobalIDString = E5FE11C22BBF5191003BD1C6;
			remoteInfo = BarcodeScanner;
		};
/* End PBXContainerItemProxy section */

/* Begin PBXFileReference section */
		E5FE11C32BBF5191003BD1C6 /* BarcodeScanner.app */ = {isa = PBXFileReference; explicitFileType = wrapper.application; includeInIndex = 0; path = BarcodeScanner.app; sourceTree = BUILT_PRODUCTS_DIR; };
		E5FE11C62BBF5191003BD1C6 /* BarcodeScannerApp.swift */ = {isa = PBXFileReference; lastKnownFileType = sourcecode.swift; path = BarcodeScannerApp.swift; sourceTree = "<group>"; };
		E5FE11C82BBF5191003BD1C6 /* BarcodeScannerView.swift */ = {isa = PBXFileReference; lastKnownFileType = sourcecode.swift; path = BarcodeScannerView.swift; sourceTree = "<group>"; };
		E5FE11CA2BBF5193003BD1C6 /* Assets.xcassets */ = {isa = PBXFileReference; lastKnownFileType = folder.assetcatalog; path = Assets.xcassets; sourceTree = "<group>"; };
		E5FE11CD2BBF5193003BD1C6 /* Preview Assets.xcassets */ = {isa = PBXFileReference; lastKnownFileType = folder.assetcatalog; path = "Preview Assets.xcassets"; sourceTree = "<group>"; };
		E5FE11D32BBF5193003BD1C6 /* BarcodeScannerTests.xctest */ = {isa = PBXFileReference; explicitFileType = wrapper.cfbundle; includeInIndex = 0; path = BarcodeScannerTests.xctest; sourceTree = BUILT_PRODUCTS_DIR; };
		E5FE11D72BBF5193003BD1C6 /* BarcodeScannerTests.swift */ = {isa = PBXFileReference; lastKnownFileType = sourcecode.swift; path = BarcodeScannerTests.swift; sourceTree = "<group>"; };
		E5FE11DD2BBF5193003BD1C6 /* BarcodeScannerUITests.xctest */ = {isa = PBXFileReference; explicitFileType = wrapper.cfbundle; includeInIndex = 0; path = BarcodeScannerUITests.xctest; sourceTree = BUILT_PRODUCTS_DIR; };
		E5FE11E12BBF5193003BD1C6 /* BarcodeScannerUITests.swift */ = {isa = PBXFileReference; lastKnownFileType = sourcecode.swift; path = BarcodeScannerUITests.swift; sourceTree = "<group>"; };
		E5FE11E32BBF5193003BD1C6 /* BarcodeScannerUITestsLaunchTests.swift */ = {isa = PBXFileReference; lastKnownFileType = sourcecode.swift; path = BarcodeScannerUITestsLaunchTests.swift; sourceTree = "<group>"; };
		E5FE11F02BBF57AA003BD1C6 /* ScannerVC.swift */ = {isa = PBXFileReference; lastKnownFileType = sourcecode.swift; path = ScannerVC.swift; sourceTree = "<group>"; };
		E5FE11F22BDAEBC9003BD1C6 /* ScannerView.swift */ = {isa = PBXFileReference; lastKnownFileType = sourcecode.swift; path = ScannerView.swift; sourceTree = "<group>"; };
		E5FE11F42BDC3A24003BD1C6 /* Alert.swift */ = {isa = PBXFileReference; lastKnownFileType = sourcecode.swift; path = Alert.swift; sourceTree = "<group>"; };
		E5FE11F62BDC3AC8003BD1C6 /* BarcodeScannerViewModel.swift */ = {isa = PBXFileReference; lastKnownFileType = sourcecode.swift; path = BarcodeScannerViewModel.swift; sourceTree = "<group>"; };
/* End PBXFileReference section */

/* Begin PBXFrameworksBuildPhase section */
		E5FE11C02BBF5191003BD1C6 /* Frameworks */ = {
			isa = PBXFrameworksBuildPhase;
			buildActionMask = 2147483647;
			files = (
			);
			runOnlyForDeploymentPostprocessing = 0;
		};
		E5FE11D02BBF5193003BD1C6 /* Frameworks */ = {
			isa = PBXFrameworksBuildPhase;
			buildActionMask = 2147483647;
			files = (
			);
			runOnlyForDeploymentPostprocessing = 0;
		};
		E5FE11DA2BBF5193003BD1C6 /* Frameworks */ = {
			isa = PBXFrameworksBuildPhase;
			buildActionMask = 2147483647;
			files = (
			);
			runOnlyForDeploymentPostprocessing = 0;
		};
/* End PBXFrameworksBuildPhase section */

/* Begin PBXGroup section */
		E5FE11BA2BBF5191003BD1C6 = {
			isa = PBXGroup;
			children = (
				E5FE11C52BBF5191003BD1C6 /* BarcodeScanner */,
				E5FE11D62BBF5193003BD1C6 /* BarcodeScannerTests */,
				E5FE11E02BBF5193003BD1C6 /* BarcodeScannerUITests */,
				E5FE11C42BBF5191003BD1C6 /* Products */,
			);
			sourceTree = "<group>";
		};
		E5FE11C42BBF5191003BD1C6 /* Products */ = {
			isa = PBXGroup;
			children = (
				E5FE11C32BBF5191003BD1C6 /* BarcodeScanner.app */,
				E5FE11D32BBF5193003BD1C6 /* BarcodeScannerTests.xctest */,
				E5FE11DD2BBF5193003BD1C6 /* BarcodeScannerUITests.xctest */,
			);
			name = Products;
			sourceTree = "<group>";
		};
		E5FE11C52BBF5191003BD1C6 /* BarcodeScanner */ = {
			isa = PBXGroup;
			children = (
				E5FE11FB2BDC3F59003BD1C6 /* ViewControllers */,
				E5FE11FA2BDC3F3B003BD1C6 /* Views */,
				E5FE11F92BDC3F1C003BD1C6 /* ViewModel */,
				E5FE11F82BDC3F04003BD1C6 /* Utilities */,
				E5FE11C62BBF5191003BD1C6 /* BarcodeScannerApp.swift */,
				E5FE11CA2BBF5193003BD1C6 /* Assets.xcassets */,
				E5FE11CC2BBF5193003BD1C6 /* Preview Content */,
			);
			path = BarcodeScanner;
			sourceTree = "<group>";
		};
		E5FE11CC2BBF5193003BD1C6 /* Preview Content */ = {
			isa = PBXGroup;
			children = (
				E5FE11CD2BBF5193003BD1C6 /* Preview Assets.xcassets */,
			);
			path = "Preview Content";
			sourceTree = "<group>";
		};
		E5FE11D62BBF5193003BD1C6 /* BarcodeScannerTests */ = {
			isa = PBXGroup;
			children = (
				E5FE11D72BBF5193003BD1C6 /* BarcodeScannerTests.swift */,
			);
			path = BarcodeScannerTests;
			sourceTree = "<group>";
		};
		E5FE11E02BBF5193003BD1C6 /* BarcodeScannerUITests */ = {
			isa = PBXGroup;
			children = (
				E5FE11E12BBF5193003BD1C6 /* BarcodeScannerUITests.swift */,
				E5FE11E32BBF5193003BD1C6 /* BarcodeScannerUITestsLaunchTests.swift */,
			);
			path = BarcodeScannerUITests;
			sourceTree = "<group>";
		};
		E5FE11F82BDC3F04003BD1C6 /* Utilities */ = {
			isa = PBXGroup;
			children = (
				E5FE11F42BDC3A24003BD1C6 /* Alert.swift */,
			);
			path = Utilities;
			sourceTree = "<group>";
		};
		E5FE11F92BDC3F1C003BD1C6 /* ViewModel */ = {
			isa = PBXGroup;
			children = (
				E5FE11F62BDC3AC8003BD1C6 /* BarcodeScannerViewModel.swift */,
			);
			path = ViewModel;
			sourceTree = "<group>";
		};
		E5FE11FA2BDC3F3B003BD1C6 /* Views */ = {
			isa = PBXGroup;
			children = (
				E5FE11C82BBF5191003BD1C6 /* BarcodeScannerView.swift */,
				E5FE11F22BDAEBC9003BD1C6 /* ScannerView.swift */,
			);
			path = Views;
			sourceTree = "<group>";
		};
		E5FE11FB2BDC3F59003BD1C6 /* ViewControllers */ = {
			isa = PBXGroup;
			children = (
				E5FE11F02BBF57AA003BD1C6 /* ScannerVC.swift */,
			);
			path = ViewControllers;
			sourceTree = "<group>";
		};
/* End PBXGroup section */

/* Begin PBXNativeTarget section */
		E5FE11C22BBF5191003BD1C6 /* BarcodeScanner */ = {
			isa = PBXNativeTarget;
			buildConfigurationList = E5FE11E72BBF5193003BD1C6 /* Build configuration list for PBXNativeTarget "BarcodeScanner" */;
			buildPhases = (
				E5FE11BF2BBF5191003BD1C6 /* Sources */,
				E5FE11C02BBF5191003BD1C6 /* Frameworks */,
				E5FE11C12BBF5191003BD1C6 /* Resources */,
			);
			buildRules = (
			);
			dependencies = (
			);
			name = BarcodeScanner;
			productName = BarcodeScanner;
			productReference = E5FE11C32BBF5191003BD1C6 /* BarcodeScanner.app */;
			productType = "com.apple.product-type.application";
		};
		E5FE11D22BBF5193003BD1C6 /* BarcodeScannerTests */ = {
			isa = PBXNativeTarget;
			buildConfigurationList = E5FE11EA2BBF5193003BD1C6 /* Build configuration list for PBXNativeTarget "BarcodeScannerTests" */;
			buildPhases = (
				E5FE11CF2BBF5193003BD1C6 /* Sources */,
				E5FE11D02BBF5193003BD1C6 /* Frameworks */,
				E5FE11D12BBF5193003BD1C6 /* Resources */,
			);
			buildRules = (
			);
			dependencies = (
				E5FE11D52BBF5193003BD1C6 /* PBXTargetDependency */,
			);
			name = BarcodeScannerTests;
			productName = BarcodeScannerTests;
			productReference = E5FE11D32BBF5193003BD1C6 /* BarcodeScannerTests.xctest */;
			productType = "com.apple.product-type.bundle.unit-test";
		};
		E5FE11DC2BBF5193003BD1C6 /* BarcodeScannerUITests */ = {
			isa = PBXNativeTarget;
			buildConfigurationList = E5FE11ED2BBF5193003BD1C6 /* Build configuration list for PBXNativeTarget "BarcodeScannerUITests" */;
			buildPhases = (
				E5FE11D92BBF5193003BD1C6 /* Sources */,
				E5FE11DA2BBF5193003BD1C6 /* Frameworks */,
				E5FE11DB2BBF5193003BD1C6 /* Resources */,
			);
			buildRules = (
			);
			dependencies = (
				E5FE11DF2BBF5193003BD1C6 /* PBXTargetDependency */,
			);
			name = BarcodeScannerUITests;
			productName = BarcodeScannerUITests;
			productReference = E5FE11DD2BBF5193003BD1C6 /* BarcodeScannerUITests.xctest */;
			productType = "com.apple.product-type.bundle.ui-testing";
		};
/* End PBXNativeTarget section */

/* Begin PBXProject section */
		E5FE11BB2BBF5191003BD1C6 /* Project object */ = {
			isa = PBXProject;
			attributes = {
				BuildIndependentTargetsInParallel = 1;
				LastSwiftUpdateCheck = 1420;
				LastUpgradeCheck = 1420;
				TargetAttributes = {
					E5FE11C22BBF5191003BD1C6 = {
						CreatedOnToolsVersion = 14.2;
					};
					E5FE11D22BBF5193003BD1C6 = {
						CreatedOnToolsVersion = 14.2;
						TestTargetID = E5FE11C22BBF5191003BD1C6;
					};
					E5FE11DC2BBF5193003BD1C6 = {
						CreatedOnToolsVersion = 14.2;
						TestTargetID = E5FE11C22BBF5191003BD1C6;
					};
				};
			};
			buildConfigurationList = E5FE11BE2BBF5191003BD1C6 /* Build configuration list for PBXProject "BarcodeScanner" */;
			compatibilityVersion = "Xcode 14.0";
			developmentRegion = en;
			hasScannedForEncodings = 0;
			knownRegions = (
				en,
				Base,
			);
			mainGroup = E5FE11BA2BBF5191003BD1C6;
			productRefGroup = E5FE11C42BBF5191003BD1C6 /* Products */;
			projectDirPath = "";
			projectRoot = "";
			targets = (
				E5FE11C22BBF5191003BD1C6 /* BarcodeScanner */,
				E5FE11D22BBF5193003BD1C6 /* BarcodeScannerTests */,
				E5FE11DC2BBF5193003BD1C6 /* BarcodeScannerUITests */,
			);
		};
/* End PBXProject section */

/* Begin PBXResourcesBuildPhase section */
		E5FE11C12BBF5191003BD1C6 /* Resources */ = {
			isa = PBXResourcesBuildPhase;
			buildActionMask = 2147483647;
			files = (
				E5FE11CE2BBF5193003BD1C6 /* Preview Assets.xcassets in Resources */,
				E5FE11CB2BBF5193003BD1C6 /* Assets.xcassets in Resources */,
			);
			runOnlyForDeploymentPostprocessing = 0;
		};
		E5FE11D12BBF5193003BD1C6 /* Resources */ = {
			isa = PBXResourcesBuildPhase;
			buildActionMask = 2147483647;
			files = (
			);
			runOnlyForDeploymentPostprocessing = 0;
		};
		E5FE11DB2BBF5193003BD1C6 /* Resources */ = {
			isa = PBXResourcesBuildPhase;
			buildActionMask = 2147483647;
			files = (
			);
			runOnlyForDeploymentPostprocessing = 0;
		};
/* End PBXResourcesBuildPhase section */

/* Begin PBXSourcesBuildPhase section */
		E5FE11BF2BBF5191003BD1C6 /* Sources */ = {
			isa = PBXSourcesBuildPhase;
			buildActionMask = 2147483647;
			files = (
				E5FE11F72BDC3AC8003BD1C6 /* BarcodeScannerViewModel.swift in Sources */,
				E5FE11C92BBF5191003BD1C6 /* BarcodeScannerView.swift in Sources */,
				E5FE11F32BDAEBC9003BD1C6 /* ScannerView.swift in Sources */,
				E5FE11F12BBF57AA003BD1C6 /* ScannerVC.swift in Sources */,
				E5FE11F52BDC3A24003BD1C6 /* Alert.swift in Sources */,
				E5FE11C72BBF5191003BD1C6 /* BarcodeScannerApp.swift in Sources */,
			);
			runOnlyForDeploymentPostprocessing = 0;
		};
		E5FE11CF2BBF5193003BD1C6 /* Sources */ = {
			isa = PBXSourcesBuildPhase;
			buildActionMask = 2147483647;
			files = (
				E5FE11D82BBF5193003BD1C6 /* BarcodeScannerTests.swift in Sources */,
			);
			runOnlyForDeploymentPostprocessing = 0;
		};
		E5FE11D92BBF5193003BD1C6 /* Sources */ = {
			isa = PBXSourcesBuildPhase;
			buildActionMask = 2147483647;
			files = (
				E5FE11E42BBF5193003BD1C6 /* BarcodeScannerUITestsLaunchTests.swift in Sources */,
				E5FE11E22BBF5193003BD1C6 /* BarcodeScannerUITests.swift in Sources */,
			);
			runOnlyForDeploymentPostprocessing = 0;
		};
/* End PBXSourcesBuildPhase section */

/* Begin PBXTargetDependency section */
		E5FE11D52BBF5193003BD1C6 /* PBXTargetDependency */ = {
			isa = PBXTargetDependency;
			target = E5FE11C22BBF5191003BD1C6 /* BarcodeScanner */;
			targetProxy = E5FE11D42BBF5193003BD1C6 /* PBXContainerItemProxy */;
		};
		E5FE11DF2BBF5193003BD1C6 /* PBXTargetDependency */ = {
			isa = PBXTargetDependency;
			target = E5FE11C22BBF5191003BD1C6 /* BarcodeScanner */;
			targetProxy = E5FE11DE2BBF5193003BD1C6 /* PBXContainerItemProxy */;
		};
/* End PBXTargetDependency section */

/* Begin XCBuildConfiguration section */
		E5FE11E52BBF5193003BD1C6 /* Debug */ = {
			isa = XCBuildConfiguration;
			buildSettings = {
				ALWAYS_SEARCH_USER_PATHS = NO;
				CLANG_ANALYZER_NONNULL = YES;
				CLANG_ANALYZER_NUMBER_OBJECT_CONVERSION = YES_AGGRESSIVE;
				CLANG_CXX_LANGUAGE_STANDARD = "gnu++20";
				CLANG_ENABLE_MODULES = YES;
				CLANG_ENABLE_OBJC_ARC = YES;
				CLANG_ENABLE_OBJC_WEAK = YES;
				CLANG_WARN_BLOCK_CAPTURE_AUTORELEASING = YES;
				CLANG_WARN_BOOL_CONVERSION = YES;
				CLANG_WARN_COMMA = YES;
				CLANG_WARN_CONSTANT_CONVERSION = YES;
				CLANG_WARN_DEPRECATED_OBJC_IMPLEMENTATIONS = YES;
				CLANG_WARN_DIRECT_OBJC_ISA_USAGE = YES_ERROR;
				CLANG_WARN_DOCUMENTATION_COMMENTS = YES;
				CLANG_WARN_EMPTY_BODY = YES;
				CLANG_WARN_ENUM_CONVERSION = YES;
				CLANG_WARN_INFINITE_RECURSION = YES;
				CLANG_WARN_INT_CONVERSION = YES;
				CLANG_WARN_NON_LITERAL_NULL_CONVERSION = YES;
				CLANG_WARN_OBJC_IMPLICIT_RETAIN_SELF = YES;
				CLANG_WARN_OBJC_LITERAL_CONVERSION = YES;
				CLANG_WARN_OBJC_ROOT_CLASS = YES_ERROR;
				CLANG_WARN_QUOTED_INCLUDE_IN_FRAMEWORK_HEADER = YES;
				CLANG_WARN_RANGE_LOOP_ANALYSIS = YES;
				CLANG_WARN_STRICT_PROTOTYPES = YES;
				CLANG_WARN_SUSPICIOUS_MOVE = YES;
				CLANG_WARN_UNGUARDED_AVAILABILITY = YES_AGGRESSIVE;
				CLANG_WARN_UNREACHABLE_CODE = YES;
				CLANG_WARN__DUPLICATE_METHOD_MATCH = YES;
				COPY_PHASE_STRIP = NO;
				DEBUG_INFORMATION_FORMAT = dwarf;
				ENABLE_STRICT_OBJC_MSGSEND = YES;
				ENABLE_TESTABILITY = YES;
				GCC_C_LANGUAGE_STANDARD = gnu11;
				GCC_DYNAMIC_NO_PIC = NO;
				GCC_NO_COMMON_BLOCKS = YES;
				GCC_OPTIMIZATION_LEVEL = 0;
				GCC_PREPROCESSOR_DEFINITIONS = (
					"DEBUG=1",
					"$(inherited)",
				);
				GCC_WARN_64_TO_32_BIT_CONVERSION = YES;
				GCC_WARN_ABOUT_RETURN_TYPE = YES_ERROR;
				GCC_WARN_UNDECLARED_SELECTOR = YES;
				GCC_WARN_UNINITIALIZED_AUTOS = YES_AGGRESSIVE;
				GCC_WARN_UNUSED_FUNCTION = YES;
				GCC_WARN_UNUSED_VARIABLE = YES;
				IPHONEOS_DEPLOYMENT_TARGET = 16.2;
				MTL_ENABLE_DEBUG_INFO = INCLUDE_SOURCE;
				MTL_FAST_MATH = YES;
				ONLY_ACTIVE_ARCH = YES;
				SDKROOT = iphoneos;
				SWIFT_ACTIVE_COMPILATION_CONDITIONS = DEBUG;
				SWIFT_OPTIMIZATION_LEVEL = "-Onone";
			};
			name = Debug;
		};
		E5FE11E62BBF5193003BD1C6 /* Release */ = {
			isa = XCBuildConfiguration;
			buildSettings = {
				ALWAYS_SEARCH_USER_PATHS = NO;
				CLANG_ANALYZER_NONNULL = YES;
				CLANG_ANALYZER_NUMBER_OBJECT_CONVERSION = YES_AGGRESSIVE;
				CLANG_CXX_LANGUAGE_STANDARD = "gnu++20";
				CLANG_ENABLE_MODULES = YES;
				CLANG_ENABLE_OBJC_ARC = YES;
				CLANG_ENABLE_OBJC_WEAK = YES;
				CLANG_WARN_BLOCK_CAPTURE_AUTORELEASING = YES;
				CLANG_WARN_BOOL_CONVERSION = YES;
				CLANG_WARN_COMMA = YES;
				CLANG_WARN_CONSTANT_CONVERSION = YES;
				CLANG_WARN_DEPRECATED_OBJC_IMPLEMENTATIONS = YES;
				CLANG_WARN_DIRECT_OBJC_ISA_USAGE = YES_ERROR;
				CLANG_WARN_DOCUMENTATION_COMMENTS = YES;
				CLANG_WARN_EMPTY_BODY = YES;
				CLANG_WARN_ENUM_CONVERSION = YES;
				CLANG_WARN_INFINITE_RECURSION = YES;
				CLANG_WARN_INT_CONVERSION = YES;
				CLANG_WARN_NON_LITERAL_NULL_CONVERSION = YES;
				CLANG_WARN_OBJC_IMPLICIT_RETAIN_SELF = YES;
				CLANG_WARN_OBJC_LITERAL_CONVERSION = YES;
				CLANG_WARN_OBJC_ROOT_CLASS = YES_ERROR;
				CLANG_WARN_QUOTED_INCLUDE_IN_FRAMEWORK_HEADER = YES;
				CLANG_WARN_RANGE_LOOP_ANALYSIS = YES;
				CLANG_WARN_STRICT_PROTOTYPES = YES;
				CLANG_WARN_SUSPICIOUS_MOVE = YES;
				CLANG_WARN_UNGUARDED_AVAILABILITY = YES_AGGRESSIVE;
				CLANG_WARN_UNREACHABLE_CODE = YES;
				CLANG_WARN__DUPLICATE_METHOD_MATCH = YES;
				COPY_PHASE_STRIP = NO;
				DEBUG_INFORMATION_FORMAT = "dwarf-with-dsym";
				ENABLE_NS_ASSERTIONS = NO;
				ENABLE_STRICT_OBJC_MSGSEND = YES;
				GCC_C_LANGUAGE_STANDARD = gnu11;
				GCC_NO_COMMON_BLOCKS = YES;
				GCC_WARN_64_TO_32_BIT_CONVERSION = YES;
				GCC_WARN_ABOUT_RETURN_TYPE = YES_ERROR;
				GCC_WARN_UNDECLARED_SELECTOR = YES;
				GCC_WARN_UNINITIALIZED_AUTOS = YES_AGGRESSIVE;
				GCC_WARN_UNUSED_FUNCTION = YES;
				GCC_WARN_UNUSED_VARIABLE = YES;
				IPHONEOS_DEPLOYMENT_TARGET = 16.2;
				MTL_ENABLE_DEBUG_INFO = NO;
				MTL_FAST_MATH = YES;
				SDKROOT = iphoneos;
				SWIFT_COMPILATION_MODE = wholemodule;
				SWIFT_OPTIMIZATION_LEVEL = "-O";
				VALIDATE_PRODUCT = YES;
			};
			name = Release;
		};
		E5FE11E82BBF5193003BD1C6 /* Debug */ = {
			isa = XCBuildConfiguration;
			buildSettings = {
				ASSETCATALOG_COMPILER_APPICON_NAME = AppIcon;
				ASSETCATALOG_COMPILER_GLOBAL_ACCENT_COLOR_NAME = AccentColor;
				CODE_SIGN_STYLE = Automatic;
				CURRENT_PROJECT_VERSION = 1;
				DEVELOPMENT_ASSET_PATHS = "\"BarcodeScanner/Preview Content\"";
				DEVELOPMENT_TEAM = 2Z52GNFP87;
				ENABLE_PREVIEWS = YES;
				GENERATE_INFOPLIST_FILE = YES;
				INFOPLIST_KEY_NSCameraUsageDescription = "we need to use camera to scan barcode";
				INFOPLIST_KEY_UIApplicationSceneManifest_Generation = YES;
				INFOPLIST_KEY_UIApplicationSupportsIndirectInputEvents = YES;
				INFOPLIST_KEY_UILaunchScreen_Generation = YES;
				INFOPLIST_KEY_UISupportedInterfaceOrientations_iPad = "UIInterfaceOrientationPortrait UIInterfaceOrientationPortraitUpsideDown UIInterfaceOrientationLandscapeLeft UIInterfaceOrientationLandscapeRight";
				INFOPLIST_KEY_UISupportedInterfaceOrientations_iPhone = "UIInterfaceOrientationPortrait UIInterfaceOrientationLandscapeLeft UIInterfaceOrientationLandscapeRight";
				LD_RUNPATH_SEARCH_PATHS = (
					"$(inherited)",
					"@executable_path/Frameworks",
				);
				MARKETING_VERSION = 1.0;
				PRODUCT_BUNDLE_IDENTIFIER = com.programmatic.learn.BarcodeScanner;
				PRODUCT_NAME = "$(TARGET_NAME)";
				SWIFT_EMIT_LOC_STRINGS = YES;
				SWIFT_VERSION = 5.0;
				TARGETED_DEVICE_FAMILY = "1,2";
			};
			name = Debug;
		};
		E5FE11E92BBF5193003BD1C6 /* Release */ = {
			isa = XCBuildConfiguration;
			buildSettings = {
				ASSETCATALOG_COMPILER_APPICON_NAME = AppIcon;
				ASSETCATALOG_COMPILER_GLOBAL_ACCENT_COLOR_NAME = AccentColor;
				CODE_SIGN_STYLE = Automatic;
				CURRENT_PROJECT_VERSION = 1;
				DEVELOPMENT_ASSET_PATHS = "\"BarcodeScanner/Preview Content\"";
				DEVELOPMENT_TEAM = 2Z52GNFP87;
				ENABLE_PREVIEWS = YES;
				GENERATE_INFOPLIST_FILE = YES;
				INFOPLIST_KEY_NSCameraUsageDescription = "we need to use camera to scan barcode";
				INFOPLIST_KEY_UIApplicationSceneManifest_Generation = YES;
				INFOPLIST_KEY_UIApplicationSupportsIndirectInputEvents = YES;
				INFOPLIST_KEY_UILaunchScreen_Generation = YES;
				INFOPLIST_KEY_UISupportedInterfaceOrientations_iPad = "UIInterfaceOrientationPortrait UIInterfaceOrientationPortraitUpsideDown UIInterfaceOrientationLandscapeLeft UIInterfaceOrientationLandscapeRight";
				INFOPLIST_KEY_UISupportedInterfaceOrientations_iPhone = "UIInterfaceOrientationPortrait UIInterfaceOrientationLandscapeLeft UIInterfaceOrientationLandscapeRight";
				LD_RUNPATH_SEARCH_PATHS = (
					"$(inherited)",
					"@executable_path/Frameworks",
				);
				MARKETING_VERSION = 1.0;
				PRODUCT_BUNDLE_IDENTIFIER = com.programmatic.learn.BarcodeScanner;
				PRODUCT_NAME = "$(TARGET_NAME)";
				SWIFT_EMIT_LOC_STRINGS = YES;
				SWIFT_VERSION = 5.0;
				TARGETED_DEVICE_FAMILY = "1,2";
			};
			name = Release;
		};
		E5FE11EB2BBF5193003BD1C6 /* Debug */ = {
			isa = XCBuildConfiguration;
			buildSettings = {
				ALWAYS_EMBED_SWIFT_STANDARD_LIBRARIES = YES;
				BUNDLE_LOADER = "$(TEST_HOST)";
				CODE_SIGN_STYLE = Automatic;
				CURRENT_PROJECT_VERSION = 1;
				DEVELOPMENT_TEAM = 2Z52GNFP87;
				GENERATE_INFOPLIST_FILE = YES;
				IPHONEOS_DEPLOYMENT_TARGET = 16.2;
				MARKETING_VERSION = 1.0;
				PRODUCT_BUNDLE_IDENTIFIER = com.programmatic.learn.BarcodeScannerTests;
				PRODUCT_NAME = "$(TARGET_NAME)";
				SWIFT_EMIT_LOC_STRINGS = NO;
				SWIFT_VERSION = 5.0;
				TARGETED_DEVICE_FAMILY = "1,2";
				TEST_HOST = "$(BUILT_PRODUCTS_DIR)/BarcodeScanner.app/$(BUNDLE_EXECUTABLE_FOLDER_PATH)/BarcodeScanner";
			};
			name = Debug;
		};
		E5FE11EC2BBF5193003BD1C6 /* Release */ = {
			isa = XCBuildConfiguration;
			buildSettings = {
				ALWAYS_EMBED_SWIFT_STANDARD_LIBRARIES = YES;
				BUNDLE_LOADER = "$(TEST_HOST)";
				CODE_SIGN_STYLE = Automatic;
				CURRENT_PROJECT_VERSION = 1;
				DEVELOPMENT_TEAM = 2Z52GNFP87;
				GENERATE_INFOPLIST_FILE = YES;
				IPHONEOS_DEPLOYMENT_TARGET = 16.2;
				MARKETING_VERSION = 1.0;
				PRODUCT_BUNDLE_IDENTIFIER = com.programmatic.learn.BarcodeScannerTests;
				PRODUCT_NAME = "$(TARGET_NAME)";
				SWIFT_EMIT_LOC_STRINGS = NO;
				SWIFT_VERSION = 5.0;
				TARGETED_DEVICE_FAMILY = "1,2";
				TEST_HOST = "$(BUILT_PRODUCTS_DIR)/BarcodeScanner.app/$(BUNDLE_EXECUTABLE_FOLDER_PATH)/BarcodeScanner";
			};
			name = Release;
		};
		E5FE11EE2BBF5193003BD1C6 /* Debug */ = {
			isa = XCBuildConfiguration;
			buildSettings = {
				ALWAYS_EMBED_SWIFT_STANDARD_LIBRARIES = YES;
				CODE_SIGN_STYLE = Automatic;
				CURRENT_PROJECT_VERSION = 1;
				DEVELOPMENT_TEAM = 2Z52GNFP87;
				GENERATE_INFOPLIST_FILE = YES;
				MARKETING_VERSION = 1.0;
				PRODUCT_BUNDLE_IDENTIFIER = com.programmatic.learn.BarcodeScannerUITests;
				PRODUCT_NAME = "$(TARGET_NAME)";
				SWIFT_EMIT_LOC_STRINGS = NO;
				SWIFT_VERSION = 5.0;
				TARGETED_DEVICE_FAMILY = "1,2";
				TEST_TARGET_NAME = BarcodeScanner;
			};
			name = Debug;
		};
		E5FE11EF2BBF5193003BD1C6 /* Release */ = {
			isa = XCBuildConfiguration;
			buildSettings = {
				ALWAYS_EMBED_SWIFT_STANDARD_LIBRARIES = YES;
				CODE_SIGN_STYLE = Automatic;
				CURRENT_PROJECT_VERSION = 1;
				DEVELOPMENT_TEAM = 2Z52GNFP87;
				GENERATE_INFOPLIST_FILE = YES;
				MARKETING_VERSION = 1.0;
				PRODUCT_BUNDLE_IDENTIFIER = com.programmatic.learn.BarcodeScannerUITests;
				PRODUCT_NAME = "$(TARGET_NAME)";
				SWIFT_EMIT_LOC_STRINGS = NO;
				SWIFT_VERSION = 5.0;
				TARGETED_DEVICE_FAMILY = "1,2";
				TEST_TARGET_NAME = BarcodeScanner;
			};
			name = Release;
		};
/* End XCBuildConfiguration section */

/* Begin XCConfigurationList section */
		E5FE11BE2BBF5191003BD1C6 /* Build configuration list for PBXProject "BarcodeScanner" */ = {
			isa = XCConfigurationList;
			buildConfigurations = (
				E5FE11E52BBF5193003BD1C6 /* Debug */,
				E5FE11E62BBF5193003BD1C6 /* Release */,
			);
			defaultConfigurationIsVisible = 0;
			defaultConfigurationName = Release;
		};
		E5FE11E72BBF5193003BD1C6 /* Build configuration list for PBXNativeTarget "BarcodeScanner" */ = {
			isa = XCConfigurationList;
			buildConfigurations = (
				E5FE11E82BBF5193003BD1C6 /* Debug */,
				E5FE11E92BBF5193003BD1C6 /* Release */,
			);
			defaultConfigurationIsVisible = 0;
			defaultConfigurationName = Release;
		};
		E5FE11EA2BBF5193003BD1C6 /* Build configuration list for PBXNativeTarget "BarcodeScannerTests" */ = {
			isa = XCConfigurationList;
			buildConfigurations = (
				E5FE11EB2BBF5193003BD1C6 /* Debug */,
				E5FE11EC2BBF5193003BD1C6 /* Release */,
			);
			defaultConfigurationIsVisible = 0;
			defaultConfigurationName = Release;
		};
		E5FE11ED2BBF5193003BD1C6 /* Build configuration list for PBXNativeTarget "BarcodeScannerUITests" */ = {
			isa = XCConfigurationList;
			buildConfigurations = (
				E5FE11EE2BBF5193003BD1C6 /* Debug */,
				E5FE11EF2BBF5193003BD1C6 /* Release */,
			);
			defaultConfigurationIsVisible = 0;
			defaultConfigurationName = Release;
		};
/* End XCConfigurationList section */
	};
	rootObject = E5FE11BB2BBF5191003BD1C6 /* Project object */;
}
